
Microsoft Visual Studio Solution File, Format Version 12.00
# Visual Studio Version 17
VisualStudioVersion = 17.10.34916.146
MinimumVisualStudioVersion = 10.0.40219.1
Project("{FAE04EC0-301F-11D3-BF4B-00C04F79EFBC}") = "01. SERVIDOR", "..\01. SERVIDOR.csproj", "{BE5AA14D-B700-4139-9733-DB07BA7C0727}"
EndProject
Global
	GlobalSection(SolutionConfigurationPlatforms) = preSolution
		Debug|Any CPU = Debug|Any CPU
		Release|Any CPU = Release|Any CPU
	EndGlobalSection
	GlobalSection(ProjectConfigurationPlatforms) = postSolution
		{BE5AA14D-B700-4139-9733-DB07BA7C0727}.Debug|Any CPU.ActiveCfg = Debug|Any CPU
		{BE5AA14D-B700-4139-9733-DB07BA7C0727}.Debug|Any CPU.Build.0 = Debug|Any CPU
		{BE5AA14D-B700-4139-9733-DB07BA7C0727}.Release|Any CPU.ActiveCfg = Release|Any CPU
		{BE5AA14D-B700-4139-9733-DB07BA7C0727}.Release|Any CPU.Build.0 = Release|Any CPU
	EndGlobalSection
	GlobalSection(SolutionProperties) = preSolution
		HideSolutionNode = FALSE
	EndGlobalSection
	GlobalSection(ExtensibilityGlobals) = postSolution
		SolutionGuid = {5A8F27E1-5C6F-458F-88B4-92893CF6195A}
	EndGlobalSection
EndGlobal
